
Microsoft Visual Studio Solution File, Format Version 12.00
# Visual Studio 15
VisualStudioVersion = 15.0.28307.136
MinimumVisualStudioVersion = 10.0.40219.1
Project("{2150E333-8FDC-42A3-9474-1A3956D46DE8}") = "src", "src", "{70950F36-A93D-42A7-B0FF-632E6A008A4C}"
EndProject
Project("{9A19103F-16F7-4668-BE54-9A1E7A4F7556}") = "ProgramaPontos.Domain", "ProgramaPontos.Domain\ProgramaPontos.Domain.csproj", "{B739FFEB-CC1A-435A-96E6-DB8F6006085B}"
EndProject
Project("{9A19103F-16F7-4668-BE54-9A1E7A4F7556}") = "ProgramaPontos.Domain.Core", "ProgramaPontos.Domain.Core\ProgramaPontos.Domain.Core.csproj", "{A3ABB745-D128-4B77-8DD7-BD97406DB5F2}"
EndProject
Project("{9A19103F-16F7-4668-BE54-9A1E7A4F7556}") = "ProgramaPontos.Domain.Testes", "ProgramaPontos.Domain.Testes\ProgramaPontos.Domain.Testes.csproj", "{19EBDD9D-F9D6-4880-A711-5CE4AAE2C1E0}"
EndProject
Project("{2150E333-8FDC-42A3-9474-1A3956D46DE8}") = "3-domain", "3-domain", "{47872F03-E72C-4F81-86A6-1136C16CBFB7}"
EndProject
Project("{2150E333-8FDC-42A3-9474-1A3956D46DE8}") = "1-application", "1-application", "{69CAE99B-F873-45B7-8AB1-00D73CE47154}"
EndProject
Project("{9A19103F-16F7-4668-BE54-9A1E7A4F7556}") = "ProgramaPontos.Application", "ProgramaPontos.Application\ProgramaPontos.Application.csproj", "{A0CDCA69-693D-44C0-B8EF-25145A47BAB5}"
EndProject
Project("{9A19103F-16F7-4668-BE54-9A1E7A4F7556}") = "ProgramaPontos.Application.CommandStack", "ProgramaPontos.Application.CommandStack.CommandHandler\ProgramaPontos.Application.CommandStack.csproj", "{568A42E7-C203-425D-B2AC-17A79066D901}"
EndProject
Project("{2150E333-8FDC-42A3-9474-1A3956D46DE8}") = "4-infra", "4-infra", "{170D3ABD-1640-41D6-9E63-08CB9354A6E6}"
EndProject
Project("{2150E333-8FDC-42A3-9474-1A3956D46DE8}") = "eventstore", "eventstore", "{F6D9EB2D-D2F2-40DC-A8F5-5CFB2F840480}"
EndProject
Project("{9A19103F-16F7-4668-BE54-9A1E7A4F7556}") = "ProgramaPontos.Infra.EventStore.MongoDB", "ProgramaPontos.Infra.EventStore.MongoDB\ProgramaPontos.Infra.EventStore.MongoDB.csproj", "{880403E2-2A6B-42D1-9668-9FD50A1A4033}"
EndProject
Project("{2150E333-8FDC-42A3-9474-1A3956D46DE8}") = "ioc", "ioc", "{DE63E73E-6DF9-4082-BBB9-158298CECEAC}"
EndProject
Project("{9A19103F-16F7-4668-BE54-9A1E7A4F7556}") = "ProgramaPontos.Infra.Ioc.AspNetCore", "ProgramaPontos.Infra.Ioc.AspNetCore\ProgramaPontos.Infra.Ioc.AspNetCore.csproj", "{7BA37F3D-17DA-4794-AA66-A78A1E43AAAE}"
EndProject
Project("{2150E333-8FDC-42A3-9474-1A3956D46DE8}") = "repository", "repository", "{C0CFD9A6-F72D-4F5B-8297-C877E944CFDD}"
EndProject
Project("{2150E333-8FDC-42A3-9474-1A3956D46DE8}") = "bus", "bus", "{CA421338-1E58-4B4C-93E9-12CF35FFA9C2}"
EndProject
Project("{2150E333-8FDC-42A3-9474-1A3956D46DE8}") = "2-readmodel", "2-readmodel", "{8866B69A-D520-4C76-9C68-833EE10628D0}"
EndProject
Project("{9A19103F-16F7-4668-BE54-9A1E7A4F7556}") = "ProgramaPontos.ReadModel", "ProgramaPontos.ReadModel\ProgramaPontos.ReadModel.csproj", "{71829034-E4AF-4957-B3C7-CBA017F832DF}"
EndProject
Project("{9A19103F-16F7-4668-BE54-9A1E7A4F7556}") = "ProgramaPontos.ReadModel.ElasticSearch", "ProgramaPontos.ReadModel.ElasticSearch\ProgramaPontos.ReadModel.ElasticSearch.csproj", "{17488F71-3490-4777-B0DA-273682F1E1BA}"
EndProject
Project("{9A19103F-16F7-4668-BE54-9A1E7A4F7556}") = "ProgramaPontos.Infra.Bus.EventBusRabbitMQ", "ProgramaPontos.Infra.Bus.EventBusRabbitMQ\ProgramaPontos.Infra.Bus.EventBusRabbitMQ.csproj", "{E677DA6D-9EBA-4796-806F-DB1460FB7525}"
EndProject
Project("{2150E333-8FDC-42A3-9474-1A3956D46DE8}") = "eventhandler", "eventhandler", "{8D5DA534-AC69-42A6-BD43-00A898A59519}"
EndProject
Project("{9A19103F-16F7-4668-BE54-9A1E7A4F7556}") = "ProgramaPontos.EventHandler.Sinc", "ProgramaPontos.EventHandler.Sinc\ProgramaPontos.EventHandler.Sinc.csproj", "{B867EF0B-ED83-40B7-848B-3A3D2F670D2C}"
EndProject
Project("{9A19103F-16F7-4668-BE54-9A1E7A4F7556}") = "ProgramaPontos.EventHandler.Core", "ProgramaPontos.Infra.EventBus.Core\ProgramaPontos.EventHandler.Core.csproj", "{FD016FD1-D0C1-4744-9E86-E4DC2679B4FA}"
EndProject
Project("{9A19103F-16F7-4668-BE54-9A1E7A4F7556}") = "ProgramaPontos.Infra.Repository", "ProgramaPontos.Infra.Repository\ProgramaPontos.Infra.Repository.csproj", "{1FAFB511-A965-40FB-AAB4-FB76987D2D4A}"
EndProject
Project("{2150E333-8FDC-42A3-9474-1A3956D46DE8}") = "0-api", "0-api", "{C75D4ECF-5A2B-4F25-945F-84659B0567DC}"
EndProject
Project("{9A19103F-16F7-4668-BE54-9A1E7A4F7556}") = "ProgramaPontos.API", "ProgramaPontos.API\ProgramaPontos.API.csproj", "{77380DAB-CA9A-487C-8FA5-CD2C0A6315BE}"
EndProject
Project("{2150E333-8FDC-42A3-9474-1A3956D46DE8}") = "docker", "docker", "{F1B9500E-55EA-45DB-A06B-0651070F4464}"
	ProjectSection(SolutionItems) = preProject
		docker\run_containers.bat = docker\run_containers.bat
	EndProjectSection
EndProject
Global
	GlobalSection(SolutionConfigurationPlatforms) = preSolution
		Debug|Any CPU = Debug|Any CPU
		Release|Any CPU = Release|Any CPU
	EndGlobalSection
	GlobalSection(ProjectConfigurationPlatforms) = postSolution
		{B739FFEB-CC1A-435A-96E6-DB8F6006085B}.Debug|Any CPU.ActiveCfg = Debug|Any CPU
		{B739FFEB-CC1A-435A-96E6-DB8F6006085B}.Debug|Any CPU.Build.0 = Debug|Any CPU
		{B739FFEB-CC1A-435A-96E6-DB8F6006085B}.Release|Any CPU.ActiveCfg = Release|Any CPU
		{B739FFEB-CC1A-435A-96E6-DB8F6006085B}.Release|Any CPU.Build.0 = Release|Any CPU
		{A3ABB745-D128-4B77-8DD7-BD97406DB5F2}.Debug|Any CPU.ActiveCfg = Debug|Any CPU
		{A3ABB745-D128-4B77-8DD7-BD97406DB5F2}.Debug|Any CPU.Build.0 = Debug|Any CPU
		{A3ABB745-D128-4B77-8DD7-BD97406DB5F2}.Release|Any CPU.ActiveCfg = Release|Any CPU
		{A3ABB745-D128-4B77-8DD7-BD97406DB5F2}.Release|Any CPU.Build.0 = Release|Any CPU
		{19EBDD9D-F9D6-4880-A711-5CE4AAE2C1E0}.Debug|Any CPU.ActiveCfg = Debug|Any CPU
		{19EBDD9D-F9D6-4880-A711-5CE4AAE2C1E0}.Debug|Any CPU.Build.0 = Debug|Any CPU
		{19EBDD9D-F9D6-4880-A711-5CE4AAE2C1E0}.Release|Any CPU.ActiveCfg = Release|Any CPU
		{19EBDD9D-F9D6-4880-A711-5CE4AAE2C1E0}.Release|Any CPU.Build.0 = Release|Any CPU
		{A0CDCA69-693D-44C0-B8EF-25145A47BAB5}.Debug|Any CPU.ActiveCfg = Debug|Any CPU
		{A0CDCA69-693D-44C0-B8EF-25145A47BAB5}.Debug|Any CPU.Build.0 = Debug|Any CPU
		{A0CDCA69-693D-44C0-B8EF-25145A47BAB5}.Release|Any CPU.ActiveCfg = Release|Any CPU
		{A0CDCA69-693D-44C0-B8EF-25145A47BAB5}.Release|Any CPU.Build.0 = Release|Any CPU
		{568A42E7-C203-425D-B2AC-17A79066D901}.Debug|Any CPU.ActiveCfg = Debug|Any CPU
		{568A42E7-C203-425D-B2AC-17A79066D901}.Debug|Any CPU.Build.0 = Debug|Any CPU
		{568A42E7-C203-425D-B2AC-17A79066D901}.Release|Any CPU.ActiveCfg = Release|Any CPU
		{568A42E7-C203-425D-B2AC-17A79066D901}.Release|Any CPU.Build.0 = Release|Any CPU
		{880403E2-2A6B-42D1-9668-9FD50A1A4033}.Debug|Any CPU.ActiveCfg = Debug|Any CPU
		{880403E2-2A6B-42D1-9668-9FD50A1A4033}.Debug|Any CPU.Build.0 = Debug|Any CPU
		{880403E2-2A6B-42D1-9668-9FD50A1A4033}.Release|Any CPU.ActiveCfg = Release|Any CPU
		{880403E2-2A6B-42D1-9668-9FD50A1A4033}.Release|Any CPU.Build.0 = Release|Any CPU
		{7BA37F3D-17DA-4794-AA66-A78A1E43AAAE}.Debug|Any CPU.ActiveCfg = Debug|Any CPU
		{7BA37F3D-17DA-4794-AA66-A78A1E43AAAE}.Debug|Any CPU.Build.0 = Debug|Any CPU
		{7BA37F3D-17DA-4794-AA66-A78A1E43AAAE}.Release|Any CPU.ActiveCfg = Release|Any CPU
		{7BA37F3D-17DA-4794-AA66-A78A1E43AAAE}.Release|Any CPU.Build.0 = Release|Any CPU
		{71829034-E4AF-4957-B3C7-CBA017F832DF}.Debug|Any CPU.ActiveCfg = Debug|Any CPU
		{71829034-E4AF-4957-B3C7-CBA017F832DF}.Debug|Any CPU.Build.0 = Debug|Any CPU
		{71829034-E4AF-4957-B3C7-CBA017F832DF}.Release|Any CPU.ActiveCfg = Release|Any CPU
		{71829034-E4AF-4957-B3C7-CBA017F832DF}.Release|Any CPU.Build.0 = Release|Any CPU
		{17488F71-3490-4777-B0DA-273682F1E1BA}.Debug|Any CPU.ActiveCfg = Debug|Any CPU
		{17488F71-3490-4777-B0DA-273682F1E1BA}.Debug|Any CPU.Build.0 = Debug|Any CPU
		{17488F71-3490-4777-B0DA-273682F1E1BA}.Release|Any CPU.ActiveCfg = Release|Any CPU
		{17488F71-3490-4777-B0DA-273682F1E1BA}.Release|Any CPU.Build.0 = Release|Any CPU
		{E677DA6D-9EBA-4796-806F-DB1460FB7525}.Debug|Any CPU.ActiveCfg = Debug|Any CPU
		{E677DA6D-9EBA-4796-806F-DB1460FB7525}.Debug|Any CPU.Build.0 = Debug|Any CPU
		{E677DA6D-9EBA-4796-806F-DB1460FB7525}.Release|Any CPU.ActiveCfg = Release|Any CPU
		{E677DA6D-9EBA-4796-806F-DB1460FB7525}.Release|Any CPU.Build.0 = Release|Any CPU
		{B867EF0B-ED83-40B7-848B-3A3D2F670D2C}.Debug|Any CPU.ActiveCfg = Debug|Any CPU
		{B867EF0B-ED83-40B7-848B-3A3D2F670D2C}.Debug|Any CPU.Build.0 = Debug|Any CPU
		{B867EF0B-ED83-40B7-848B-3A3D2F670D2C}.Release|Any CPU.ActiveCfg = Release|Any CPU
		{B867EF0B-ED83-40B7-848B-3A3D2F670D2C}.Release|Any CPU.Build.0 = Release|Any CPU
		{FD016FD1-D0C1-4744-9E86-E4DC2679B4FA}.Debug|Any CPU.ActiveCfg = Debug|Any CPU
		{FD016FD1-D0C1-4744-9E86-E4DC2679B4FA}.Debug|Any CPU.Build.0 = Debug|Any CPU
		{FD016FD1-D0C1-4744-9E86-E4DC2679B4FA}.Release|Any CPU.ActiveCfg = Release|Any CPU
		{FD016FD1-D0C1-4744-9E86-E4DC2679B4FA}.Release|Any CPU.Build.0 = Release|Any CPU
		{1FAFB511-A965-40FB-AAB4-FB76987D2D4A}.Debug|Any CPU.ActiveCfg = Debug|Any CPU
		{1FAFB511-A965-40FB-AAB4-FB76987D2D4A}.Debug|Any CPU.Build.0 = Debug|Any CPU
		{1FAFB511-A965-40FB-AAB4-FB76987D2D4A}.Release|Any CPU.ActiveCfg = Release|Any CPU
		{1FAFB511-A965-40FB-AAB4-FB76987D2D4A}.Release|Any CPU.Build.0 = Release|Any CPU
		{77380DAB-CA9A-487C-8FA5-CD2C0A6315BE}.Debug|Any CPU.ActiveCfg = Debug|Any CPU
		{77380DAB-CA9A-487C-8FA5-CD2C0A6315BE}.Debug|Any CPU.Build.0 = Debug|Any CPU
		{77380DAB-CA9A-487C-8FA5-CD2C0A6315BE}.Release|Any CPU.ActiveCfg = Release|Any CPU
		{77380DAB-CA9A-487C-8FA5-CD2C0A6315BE}.Release|Any CPU.Build.0 = Release|Any CPU
	EndGlobalSection
	GlobalSection(SolutionProperties) = preSolution
		HideSolutionNode = FALSE
	EndGlobalSection
	GlobalSection(NestedProjects) = preSolution
		{B739FFEB-CC1A-435A-96E6-DB8F6006085B} = {47872F03-E72C-4F81-86A6-1136C16CBFB7}
		{A3ABB745-D128-4B77-8DD7-BD97406DB5F2} = {47872F03-E72C-4F81-86A6-1136C16CBFB7}
		{19EBDD9D-F9D6-4880-A711-5CE4AAE2C1E0} = {47872F03-E72C-4F81-86A6-1136C16CBFB7}
		{47872F03-E72C-4F81-86A6-1136C16CBFB7} = {70950F36-A93D-42A7-B0FF-632E6A008A4C}
		{69CAE99B-F873-45B7-8AB1-00D73CE47154} = {70950F36-A93D-42A7-B0FF-632E6A008A4C}
		{A0CDCA69-693D-44C0-B8EF-25145A47BAB5} = {69CAE99B-F873-45B7-8AB1-00D73CE47154}
		{568A42E7-C203-425D-B2AC-17A79066D901} = {69CAE99B-F873-45B7-8AB1-00D73CE47154}
		{170D3ABD-1640-41D6-9E63-08CB9354A6E6} = {70950F36-A93D-42A7-B0FF-632E6A008A4C}
		{F6D9EB2D-D2F2-40DC-A8F5-5CFB2F840480} = {170D3ABD-1640-41D6-9E63-08CB9354A6E6}
		{880403E2-2A6B-42D1-9668-9FD50A1A4033} = {F6D9EB2D-D2F2-40DC-A8F5-5CFB2F840480}
		{DE63E73E-6DF9-4082-BBB9-158298CECEAC} = {170D3ABD-1640-41D6-9E63-08CB9354A6E6}
		{7BA37F3D-17DA-4794-AA66-A78A1E43AAAE} = {DE63E73E-6DF9-4082-BBB9-158298CECEAC}
		{C0CFD9A6-F72D-4F5B-8297-C877E944CFDD} = {170D3ABD-1640-41D6-9E63-08CB9354A6E6}
		{CA421338-1E58-4B4C-93E9-12CF35FFA9C2} = {170D3ABD-1640-41D6-9E63-08CB9354A6E6}
		{8866B69A-D520-4C76-9C68-833EE10628D0} = {70950F36-A93D-42A7-B0FF-632E6A008A4C}
		{71829034-E4AF-4957-B3C7-CBA017F832DF} = {8866B69A-D520-4C76-9C68-833EE10628D0}
		{17488F71-3490-4777-B0DA-273682F1E1BA} = {8866B69A-D520-4C76-9C68-833EE10628D0}
		{E677DA6D-9EBA-4796-806F-DB1460FB7525} = {CA421338-1E58-4B4C-93E9-12CF35FFA9C2}
		{8D5DA534-AC69-42A6-BD43-00A898A59519} = {170D3ABD-1640-41D6-9E63-08CB9354A6E6}
		{B867EF0B-ED83-40B7-848B-3A3D2F670D2C} = {8D5DA534-AC69-42A6-BD43-00A898A59519}
		{FD016FD1-D0C1-4744-9E86-E4DC2679B4FA} = {8D5DA534-AC69-42A6-BD43-00A898A59519}
		{1FAFB511-A965-40FB-AAB4-FB76987D2D4A} = {C0CFD9A6-F72D-4F5B-8297-C877E944CFDD}
		{C75D4ECF-5A2B-4F25-945F-84659B0567DC} = {70950F36-A93D-42A7-B0FF-632E6A008A4C}
		{77380DAB-CA9A-487C-8FA5-CD2C0A6315BE} = {C75D4ECF-5A2B-4F25-945F-84659B0567DC}
	EndGlobalSection
	GlobalSection(ExtensibilityGlobals) = postSolution
		SolutionGuid = {EB9814F9-09E8-4692-82B8-5A7CF0F501BA}
	EndGlobalSection
EndGlobal
